
Microsoft Visual Studio Solution File, Format Version 12.00
# Visual Studio Version 17
VisualStudioVersion = 17.9.34714.143
MinimumVisualStudioVersion = 10.0.40219.1
Project("{FAE04EC0-301F-11D3-BF4B-00C04F79EFBC}") = "variables", "variables\variables.csproj", "{99589CAA-6960-45E7-9ECE-24C163F9EE78}"
EndProject
Global
	GlobalSection(SolutionConfigurationPlatforms) = preSolution
		Debug|Any CPU = Debug|Any CPU
		Release|Any CPU = Release|Any CPU
	EndGlobalSection
	GlobalSection(ProjectConfigurationPlatforms) = postSolution
		{99589CAA-6960-45E7-9ECE-24C163F9EE78}.Debug|Any CPU.ActiveCfg = Debug|Any CPU
		{99589CAA-6960-45E7-9ECE-24C163F9EE78}.Debug|Any CPU.Build.0 = Debug|Any CPU
		{99589CAA-6960-45E7-9ECE-24C163F9EE78}.Release|Any CPU.ActiveCfg = Release|Any CPU
		{99589CAA-6960-45E7-9ECE-24C163F9EE78}.Release|Any CPU.Build.0 = Release|Any CPU
	EndGlobalSection
	GlobalSection(SolutionProperties) = preSolution
		HideSolutionNode = FALSE
	EndGlobalSection
	GlobalSection(ExtensibilityGlobals) = postSolution
		SolutionGuid = {8613A1CE-10D2-40A9-A840-4590ECBCDA65}
	EndGlobalSection
EndGlobal
